// !$*UTF8*$!
{
	archiveVersion = 1;
	classes = {
	};
	objectVersion = 48;
	objects = {

/* Begin PBXBuildFile section */
		434DA2FE1FF997100052183D /* AppDelegate.swift in Sources */ = {isa = PBXBuildFile; fileRef = 434DA2FD1FF997100052183D /* AppDelegate.swift */; };
		434DA3001FF997100052183D /* ViewController.swift in Sources */ = {isa = PBXBuildFile; fileRef = 434DA2FF1FF997100052183D /* ViewController.swift */; };
		434DA3031FF997100052183D /* Main.storyboard in Resources */ = {isa = PBXBuildFile; fileRef = 434DA3011FF997100052183D /* Main.storyboard */; };
		434DA3061FF997100052183D /* MyNotes.xcdatamodeld in Sources */ = {isa = PBXBuildFile; fileRef = 434DA3041FF997100052183D /* MyNotes.xcdatamodeld */; };
		434DA3081FF997100052183D /* Assets.xcassets in Resources */ = {isa = PBXBuildFile; fileRef = 434DA3071FF997100052183D /* Assets.xcassets */; };
		434DA30B1FF997100052183D /* LaunchScreen.storyboard in Resources */ = {isa = PBXBuildFile; fileRef = 434DA3091FF997100052183D /* LaunchScreen.storyboard */; };
		434DA3191FF9B3270052183D /* NoteController.swift in Sources */ = {isa = PBXBuildFile; fileRef = 434DA3181FF9B3270052183D /* NoteController.swift */; };
		434DA31B1FF9B42E0052183D /* noteCell.swift in Sources */ = {isa = PBXBuildFile; fileRef = 434DA31A1FF9B42E0052183D /* noteCell.swift */; };
/* End PBXBuildFile section */

/* Begin PBXFileReference section */
		434DA2FA1FF997100052183D /* MyNotes.app */ = {isa = PBXFileReference; explicitFileType = wrapper.application; includeInIndex = 0; path = MyNotes.app; sourceTree = BUILT_PRODUCTS_DIR; };
		434DA2FD1FF997100052183D /* AppDelegate.swift */ = {isa = PBXFileReference; lastKnownFileType = sourcecode.swift; path = AppDelegate.swift; sourceTree = "<group>"; };
		434DA2FF1FF997100052183D /* ViewController.swift */ = {isa = PBXFileReference; lastKnownFileType = sourcecode.swift; path = ViewController.swift; sourceTree = "<group>"; };
		434DA3021FF997100052183D /* Base */ = {isa = PBXFileReference; lastKnownFileType = file.storyboard; name = Base; path = Base.lproj/Main.storyboard; sourceTree = "<group>"; };
		434DA3051FF997100052183D /* MyNotes.xcdatamodel */ = {isa = PBXFileReference; lastKnownFileType = wrapper.xcdatamodel; path = MyNotes.xcdatamodel; sourceTree = "<group>"; };
		434DA3071FF997100052183D /* Assets.xcassets */ = {isa = PBXFileReference; lastKnownFileType = folder.assetcatalog; path = Assets.xcassets; sourceTree = "<group>"; };
		434DA30A1FF997100052183D /* Base */ = {isa = PBXFileReference; lastKnownFileType = file.storyboard; name = Base; path = Base.lproj/LaunchScreen.storyboard; sourceTree = "<group>"; };
		434DA30C1FF997100052183D /* Info.plist */ = {isa = PBXFileReference; lastKnownFileType = text.plist.xml; path = Info.plist; sourceTree = "<group>"; };
		434DA3181FF9B3270052183D /* NoteController.swift */ = {isa = PBXFileReference; lastKnownFileType = sourcecode.swift; path = NoteController.swift; sourceTree = "<group>"; };
		434DA31A1FF9B42E0052183D /* noteCell.swift */ = {isa = PBXFileReference; lastKnownFileType = sourcecode.swift; path = noteCell.swift; sourceTree = "<group>"; };
/* End PBXFileReference section */

/* Begin PBXFrameworksBuildPhase section */
		434DA2F71FF997100052183D /* Frameworks */ = {
			isa = PBXFrameworksBuildPhase;
			buildActionMask = 2147483647;
			files = (
			);
			runOnlyForDeploymentPostprocessing = 0;
		};
/* End PBXFrameworksBuildPhase section */

/* Begin PBXGroup section */
		434DA2F11FF997100052183D = {
			isa = PBXGroup;
			children = (
				434DA2FC1FF997100052183D /* MyNotes */,
				434DA2FB1FF997100052183D /* Products */,
			);
			sourceTree = "<group>";
		};
		434DA2FB1FF997100052183D /* Products */ = {
			isa = PBXGroup;
			children = (
				434DA2FA1FF997100052183D /* MyNotes.app */,
			);
			name = Products;
			sourceTree = "<group>";
		};
		434DA2FC1FF997100052183D /* MyNotes */ = {
			isa = PBXGroup;
			children = (
				434DA2FD1FF997100052183D /* AppDelegate.swift */,
				434DA2FF1FF997100052183D /* ViewController.swift */,
				434DA3011FF997100052183D /* Main.storyboard */,
				434DA3071FF997100052183D /* Assets.xcassets */,
				434DA3091FF997100052183D /* LaunchScreen.storyboard */,
				434DA30C1FF997100052183D /* Info.plist */,
				434DA3041FF997100052183D /* MyNotes.xcdatamodeld */,
				434DA3181FF9B3270052183D /* NoteController.swift */,
				434DA31A1FF9B42E0052183D /* noteCell.swift */,
			);
			path = MyNotes;
			sourceTree = "<group>";
		};
/* End PBXGroup section */

/* Begin PBXNativeTarget section */
		434DA2F91FF997100052183D /* MyNotes */ = {
			isa = PBXNativeTarget;
			buildConfigurationList = 434DA30F1FF997100052183D /* Build configuration list for PBXNativeTarget "MyNotes" */;
			buildPhases = (
				434DA2F61FF997100052183D /* Sources */,
				434DA2F71FF997100052183D /* Frameworks */,
				434DA2F81FF997100052183D /* Resources */,
			);
			buildRules = (
			);
			dependencies = (
			);
			name = MyNotes;
			productName = MyNotes;
			productReference = 434DA2FA1FF997100052183D /* MyNotes.app */;
			productType = "com.apple.product-type.application";
		};
/* End PBXNativeTarget section */

/* Begin PBXProject section */
		434DA2F21FF997100052183D /* Project object */ = {
			isa = PBXProject;
			attributes = {
				LastSwiftUpdateCheck = 0900;
				LastUpgradeCheck = 0900;
				ORGANIZATIONNAME = marwa;
				TargetAttributes = {
					434DA2F91FF997100052183D = {
						CreatedOnToolsVersion = 9.0;
						ProvisioningStyle = Automatic;
					};
				};
			};
			buildConfigurationList = 434DA2F51FF997100052183D /* Build configuration list for PBXProject "MyNotes" */;
			compatibilityVersion = "Xcode 8.0";
			developmentRegion = en;
			hasScannedForEncodings = 0;
			knownRegions = (
				en,
				Base,
			);
			mainGroup = 434DA2F11FF997100052183D;
			productRefGroup = 434DA2FB1FF997100052183D /* Products */;
			projectDirPath = "";
			projectRoot = "";
			targets = (
				434DA2F91FF997100052183D /* MyNotes */,
			);
		};
/* End PBXProject section */

/* Begin PBXResourcesBuildPhase section */
		434DA2F81FF997100052183D /* Resources */ = {
			isa = PBXResourcesBuildPhase;
			buildActionMask = 2147483647;
			files = (
				434DA30B1FF997100052183D /* LaunchScreen.storyboard in Resources */,
				434DA3081FF997100052183D /* Assets.xcassets in Resources */,
				434DA3031FF997100052183D /* Main.storyboard in Resources */,
			);
			runOnlyForDeploymentPostprocessing = 0;
		};
/* End PBXResourcesBuildPhase section */

/* Begin PBXSourcesBuildPhase section */
		434DA2F61FF997100052183D /* Sources */ = {
			isa = PBXSourcesBuildPhase;
			buildActionMask = 2147483647;
			files = (
				434DA3001FF997100052183D /* ViewController.swift in Sources */,
				434DA3191FF9B3270052183D /* NoteController.swift in Sources */,
				434DA31B1FF9B42E0052183D /* noteCell.swift in Sources */,
				434DA2FE1FF997100052183D /* AppDelegate.swift in Sources */,
				434DA3061FF997100052183D /* MyNotes.xcdatamodeld in Sources */,
			);
			runOnlyForDeploymentPostprocessing = 0;
		};
/* End PBXSourcesBuildPhase section */

/* Begin PBXVariantGroup section */
		434DA3011FF997100052183D /* Main.storyboard */ = {
			isa = PBXVariantGroup;
			children = (
				434DA3021FF997100052183D /* Base */,
			);
			name = Main.storyboard;
			sourceTree = "<group>";
		};
		434DA3091FF997100052183D /* LaunchScreen.storyboard */ = {
			isa = PBXVariantGroup;
			children = (
				434DA30A1FF997100052183D /* Base */,
			);
			name = LaunchScreen.storyboard;
			sourceTree = "<group>";
		};
/* End PBXVariantGroup section */

/* Begin XCBuildConfiguration section */
		434DA30D1FF997100052183D /* Debug */ = {
			isa = XCBuildConfiguration;
			buildSettings = {
				ALWAYS_SEARCH_USER_PATHS = NO;
				CLANG_ANALYZER_NONNULL = YES;
				CLANG_ANALYZER_NUMBER_OBJECT_CONVERSION = YES_AGGRESSIVE;
				CLANG_CXX_LANGUAGE_STANDARD = "gnu++14";
				CLANG_CXX_LIBRARY = "libc++";
				CLANG_ENABLE_MODULES = YES;
				CLANG_ENABLE_OBJC_ARC = YES;
				CLANG_WARN_BLOCK_CAPTURE_AUTORELEASING = YES;
				CLANG_WARN_BOOL_CONVERSION = YES;
				CLANG_WARN_COMMA = YES;
				CLANG_WARN_CONSTANT_CONVERSION = YES;
				CLANG_WARN_DIRECT_OBJC_ISA_USAGE = YES_ERROR;
				CLANG_WARN_DOCUMENTATION_COMMENTS = YES;
				CLANG_WARN_EMPTY_BODY = YES;
				CLANG_WARN_ENUM_CONVERSION = YES;
				CLANG_WARN_INFINITE_RECURSION = YES;
				CLANG_WARN_INT_CONVERSION = YES;
				CLANG_WARN_NON_LITERAL_NULL_CONVERSION = YES;
				CLANG_WARN_OBJC_LITERAL_CONVERSION = YES;
				CLANG_WARN_OBJC_ROOT_CLASS = YES_ERROR;
				CLANG_WARN_RANGE_LOOP_ANALYSIS = YES;
				CLANG_WARN_STRICT_PROTOTYPES = YES;
				CLANG_WARN_SUSPICIOUS_MOVE = YES;
				CLANG_WARN_UNGUARDED_AVAILABILITY = YES_AGGRESSIVE;
				CLANG_WARN_UNREACHABLE_CODE = YES;
				CLANG_WARN__DUPLICATE_METHOD_MATCH = YES;
				CODE_SIGN_IDENTITY = "iPhone Developer";
				COPY_PHASE_STRIP = NO;
				DEBUG_INFORMATION_FORMAT = dwarf;
				ENABLE_STRICT_OBJC_MSGSEND = YES;
				ENABLE_TESTABILITY = YES;
				GCC_C_LANGUAGE_STANDARD = gnu11;
				GCC_DYNAMIC_NO_PIC = NO;
				GCC_NO_COMMON_BLOCKS = YES;
				GCC_OPTIMIZATION_LEVEL = 0;
				GCC_PREPROCESSOR_DEFINITIONS = (
					"DEBUG=1",
					"$(inherited)",
				);
				GCC_WARN_64_TO_32_BIT_CONVERSION = YES;
				GCC_WARN_ABOUT_RETURN_TYPE = YES_ERROR;
				GCC_WARN_UNDECLARED_SELECTOR = YES;
				GCC_WARN_UNINITIALIZED_AUTOS = YES_AGGRESSIVE;
				GCC_WARN_UNUSED_FUNCTION = YES;
				GCC_WARN_UNUSED_VARIABLE = YES;
				IPHONEOS_DEPLOYMENT_TARGET = 11.0;
				MTL_ENABLE_DEBUG_INFO = YES;
				ONLY_ACTIVE_ARCH = YES;
				SDKROOT = iphoneos;
				SWIFT_ACTIVE_COMPILATION_CONDITIONS = DEBUG;
				SWIFT_OPTIMIZATION_LEVEL = "-Onone";
			};
			name = Debug;
		};
		434DA30E1FF997100052183D /* Release */ = {
			isa = XCBuildConfiguration;
			buildSettings = {
				ALWAYS_SEARCH_USER_PATHS = NO;
				CLANG_ANALYZER_NONNULL = YES;
				CLANG_ANALYZER_NUMBER_OBJECT_CONVERSION = YES_AGGRESSIVE;
				CLANG_CXX_LANGUAGE_STANDARD = "gnu++14";
				CLANG_CXX_LIBRARY = "libc++";
				CLANG_ENABLE_MODULES = YES;
				CLANG_ENABLE_OBJC_ARC = YES;
				CLANG_WARN_BLOCK_CAPTURE_AUTORELEASING = YES;
				CLANG_WARN_BOOL_CONVERSION = YES;
				CLANG_WARN_COMMA = YES;
				CLANG_WARN_CONSTANT_CONVERSION = YES;
				CLANG_WARN_DIRECT_OBJC_ISA_USAGE = YES_ERROR;
				CLANG_WARN_DOCUMENTATION_COMMENTS = YES;
				CLANG_WARN_EMPTY_BODY = YES;
				CLANG_WARN_ENUM_CONVERSION = YES;
				CLANG_WARN_INFINITE_RECURSION = YES;
				CLANG_WARN_INT_CONVERSION = YES;
				CLANG_WARN_NON_LITERAL_NULL_CONVERSION = YES;
				CLANG_WARN_OBJC_LITERAL_CONVERSION = YES;
				CLANG_WARN_OBJC_ROOT_CLASS = YES_ERROR;
				CLANG_WARN_RANGE_LOOP_ANALYSIS = YES;
				CLANG_WARN_STRICT_PROTOTYPES = YES;
				CLANG_WARN_SUSPICIOUS_MOVE = YES;
				CLANG_WARN_UNGUARDED_AVAILABILITY = YES_AGGRESSIVE;
				CLANG_WARN_UNREACHABLE_CODE = YES;
				CLANG_WARN__DUPLICATE_METHOD_MATCH = YES;
				CODE_SIGN_IDENTITY = "iPhone Developer";
				COPY_PHASE_STRIP = NO;
				DEBUG_INFORMATION_FORMAT = "dwarf-with-dsym";
				ENABLE_NS_ASSERTIONS = NO;
				ENABLE_STRICT_OBJC_MSGSEND = YES;
				GCC_C_LANGUAGE_STANDARD = gnu11;
				GCC_NO_COMMON_BLOCKS = YES;
				GCC_WARN_64_TO_32_BIT_CONVERSION = YES;
				GCC_WARN_ABOUT_RETURN_TYPE = YES_ERROR;
				GCC_WARN_UNDECLARED_SELECTOR = YES;
				GCC_WARN_UNINITIALIZED_AUTOS = YES_AGGRESSIVE;
				GCC_WARN_UNUSED_FUNCTION = YES;
				GCC_WARN_UNUSED_VARIABLE = YES;
				IPHONEOS_DEPLOYMENT_TARGET = 11.0;
				MTL_ENABLE_DEBUG_INFO = NO;
				SDKROOT = iphoneos;
				SWIFT_OPTIMIZATION_LEVEL = "-Owholemodule";
				VALIDATE_PRODUCT = YES;
			};
			name = Release;
		};
		434DA3101FF997100052183D /* Debug */ = {
			isa = XCBuildConfiguration;
			buildSettings = {
				ASSETCATALOG_COMPILER_APPICON_NAME = AppIcon;
				CODE_SIGN_STYLE = Automatic;
				INFOPLIST_FILE = MyNotes/Info.plist;
				LD_RUNPATH_SEARCH_PATHS = "$(inherited) @executable_path/Frameworks";
				PRODUCT_BUNDLE_IDENTIFIER = kkkjkkk.MyNotes;
				PRODUCT_NAME = "$(TARGET_NAME)";
				SWIFT_VERSION = 4.0;
				TARGETED_DEVICE_FAMILY = "1,2";
			};
			name = Debug;
		};
		434DA3111FF997100052183D /* Release */ = {
			isa = XCBuildConfiguration;
			buildSettings = {
				ASSETCATALOG_COMPILER_APPICON_NAME = AppIcon;
				CODE_SIGN_STYLE = Automatic;
				INFOPLIST_FILE = MyNotes/Info.plist;
				LD_RUNPATH_SEARCH_PATHS = "$(inherited) @executable_path/Frameworks";
				PRODUCT_BUNDLE_IDENTIFIER = kkkjkkk.MyNotes;
				PRODUCT_NAME = "$(TARGET_NAME)";
				SWIFT_VERSION = 4.0;
				TARGETED_DEVICE_FAMILY = "1,2";
			};
			name = Release;
		};
/* End XCBuildConfiguration section */

/* Begin XCConfigurationList section */
		434DA2F51FF997100052183D /* Build configuration list for PBXProject "MyNotes" */ = {
			isa = XCConfigurationList;
			buildConfigurations = (
				434DA30D1FF997100052183D /* Debug */,
				434DA30E1FF997100052183D /* Release */,
			);
			defaultConfigurationIsVisible = 0;
			defaultConfigurationName = Release;
		};
		434DA30F1FF997100052183D /* Build configuration list for PBXNativeTarget "MyNotes" */ = {
			isa = XCConfigurationList;
			buildConfigurations = (
				434DA3101FF997100052183D /* Debug */,
				434DA3111FF997100052183D /* Release */,
			);
			defaultConfigurationIsVisible = 0;
			defaultConfigurationName = Release;
		};
/* End XCConfigurationList section */

/* Begin XCVersionGroup section */
		434DA3041FF997100052183D /* MyNotes.xcdatamodeld */ = {
			isa = XCVersionGroup;
			children = (
				434DA3051FF997100052183D /* MyNotes.xcdatamodel */,
			);
			currentVersion = 434DA3051FF997100052183D /* MyNotes.xcdatamodel */;
			path = MyNotes.xcdatamodeld;
			sourceTree = "<group>";
			versionGroupType = wrapper.xcdatamodel;
		};
/* End XCVersionGroup section */
	};
	rootObject = 434DA2F21FF997100052183D /* Project object */;
}
